
Microsoft Visual Studio Solution File, Format Version 12.00
# Visual Studio 15
VisualStudioVersion = 15.0.28307.539
MinimumVisualStudioVersion = 10.0.40219.1
Project("{FAE04EC0-301F-11D3-BF4B-00C04F79EFBC}") = "CounterHayFever.Android", "CounterHayFever\CounterHayFever.Android\CounterHayFever.Android.csproj", "{24CE3C36-16B9-426D-AA0C-5961ECF8D88C}"
EndProject
Project("{FAE04EC0-301F-11D3-BF4B-00C04F79EFBC}") = "CounterHayFever.iOS", "CounterHayFever\CounterHayFever.iOS\CounterHayFever.iOS.csproj", "{B43A9B2F-84EF-47C1-B6A1-944FC305628C}"
EndProject
Project("{FAE04EC0-301F-11D3-BF4B-00C04F79EFBC}") = "CounterHayFever", "CounterHayFever\CounterHayFever\CounterHayFever.csproj", "{74F059F1-C3F4-4359-B83A-D6DA5226AFD9}"
EndProject
Global
	GlobalSection(SolutionConfigurationPlatforms) = preSolution
		Debug|Any CPU = Debug|Any CPU
		Debug|iPhone = Debug|iPhone
		Debug|iPhoneSimulator = Debug|iPhoneSimulator
		Release|Any CPU = Release|Any CPU
		Release|iPhone = Release|iPhone
		Release|iPhoneSimulator = Release|iPhoneSimulator
	EndGlobalSection
	GlobalSection(ProjectConfigurationPlatforms) = postSolution
		{24CE3C36-16B9-426D-AA0C-5961ECF8D88C}.Debug|Any CPU.ActiveCfg = Debug|Any CPU
		{24CE3C36-16B9-426D-AA0C-5961ECF8D88C}.Debug|Any CPU.Build.0 = Debug|Any CPU
		{24CE3C36-16B9-426D-AA0C-5961ECF8D88C}.Debug|Any CPU.Deploy.0 = Debug|Any CPU
		{24CE3C36-16B9-426D-AA0C-5961ECF8D88C}.Debug|iPhone.ActiveCfg = Debug|Any CPU
		{24CE3C36-16B9-426D-AA0C-5961ECF8D88C}.Debug|iPhone.Build.0 = Debug|Any CPU
		{24CE3C36-16B9-426D-AA0C-5961ECF8D88C}.Debug|iPhone.Deploy.0 = Debug|Any CPU
		{24CE3C36-16B9-426D-AA0C-5961ECF8D88C}.Debug|iPhoneSimulator.ActiveCfg = Debug|Any CPU
		{24CE3C36-16B9-426D-AA0C-5961ECF8D88C}.Debug|iPhoneSimulator.Build.0 = Debug|Any CPU
		{24CE3C36-16B9-426D-AA0C-5961ECF8D88C}.Debug|iPhoneSimulator.Deploy.0 = Debug|Any CPU
		{24CE3C36-16B9-426D-AA0C-5961ECF8D88C}.Release|Any CPU.ActiveCfg = Release|Any CPU
		{24CE3C36-16B9-426D-AA0C-5961ECF8D88C}.Release|Any CPU.Build.0 = Release|Any CPU
		{24CE3C36-16B9-426D-AA0C-5961ECF8D88C}.Release|Any CPU.Deploy.0 = Release|Any CPU
		{24CE3C36-16B9-426D-AA0C-5961ECF8D88C}.Release|iPhone.ActiveCfg = Release|Any CPU
		{24CE3C36-16B9-426D-AA0C-5961ECF8D88C}.Release|iPhone.Build.0 = Release|Any CPU
		{24CE3C36-16B9-426D-AA0C-5961ECF8D88C}.Release|iPhone.Deploy.0 = Release|Any CPU
		{24CE3C36-16B9-426D-AA0C-5961ECF8D88C}.Release|iPhoneSimulator.ActiveCfg = Release|Any CPU
		{24CE3C36-16B9-426D-AA0C-5961ECF8D88C}.Release|iPhoneSimulator.Build.0 = Release|Any CPU
		{24CE3C36-16B9-426D-AA0C-5961ECF8D88C}.Release|iPhoneSimulator.Deploy.0 = Release|Any CPU
		{B43A9B2F-84EF-47C1-B6A1-944FC305628C}.Debug|Any CPU.ActiveCfg = Debug|iPhoneSimulator
		{B43A9B2F-84EF-47C1-B6A1-944FC305628C}.Debug|Any CPU.Build.0 = Debug|iPhoneSimulator
		{B43A9B2F-84EF-47C1-B6A1-944FC305628C}.Debug|Any CPU.Deploy.0 = Debug|iPhoneSimulator
		{B43A9B2F-84EF-47C1-B6A1-944FC305628C}.Debug|iPhone.ActiveCfg = Debug|iPhone
		{B43A9B2F-84EF-47C1-B6A1-944FC305628C}.Debug|iPhone.Build.0 = Debug|iPhone
		{B43A9B2F-84EF-47C1-B6A1-944FC305628C}.Debug|iPhone.Deploy.0 = Debug|iPhone
		{B43A9B2F-84EF-47C1-B6A1-944FC305628C}.Debug|iPhoneSimulator.ActiveCfg = Debug|iPhoneSimulator
		{B43A9B2F-84EF-47C1-B6A1-944FC305628C}.Debug|iPhoneSimulator.Build.0 = Debug|iPhoneSimulator
		{B43A9B2F-84EF-47C1-B6A1-944FC305628C}.Debug|iPhoneSimulator.Deploy.0 = Debug|iPhoneSimulator
		{B43A9B2F-84EF-47C1-B6A1-944FC305628C}.Release|Any CPU.ActiveCfg = Release|iPhone
		{B43A9B2F-84EF-47C1-B6A1-944FC305628C}.Release|Any CPU.Build.0 = Release|iPhone
		{B43A9B2F-84EF-47C1-B6A1-944FC305628C}.Release|Any CPU.Deploy.0 = Release|iPhone
		{B43A9B2F-84EF-47C1-B6A1-944FC305628C}.Release|iPhone.ActiveCfg = Release|iPhone
		{B43A9B2F-84EF-47C1-B6A1-944FC305628C}.Release|iPhone.Build.0 = Release|iPhone
		{B43A9B2F-84EF-47C1-B6A1-944FC305628C}.Release|iPhone.Deploy.0 = Release|iPhone
		{B43A9B2F-84EF-47C1-B6A1-944FC305628C}.Release|iPhoneSimulator.ActiveCfg = Release|iPhoneSimulator
		{B43A9B2F-84EF-47C1-B6A1-944FC305628C}.Release|iPhoneSimulator.Build.0 = Release|iPhoneSimulator
		{B43A9B2F-84EF-47C1-B6A1-944FC305628C}.Release|iPhoneSimulator.Deploy.0 = Release|iPhoneSimulator
		{74F059F1-C3F4-4359-B83A-D6DA5226AFD9}.Debug|Any CPU.ActiveCfg = Debug|Any CPU
		{74F059F1-C3F4-4359-B83A-D6DA5226AFD9}.Debug|Any CPU.Build.0 = Debug|Any CPU
		{74F059F1-C3F4-4359-B83A-D6DA5226AFD9}.Debug|Any CPU.Deploy.0 = Debug|Any CPU
		{74F059F1-C3F4-4359-B83A-D6DA5226AFD9}.Debug|iPhone.ActiveCfg = Debug|Any CPU
		{74F059F1-C3F4-4359-B83A-D6DA5226AFD9}.Debug|iPhone.Build.0 = Debug|Any CPU
		{74F059F1-C3F4-4359-B83A-D6DA5226AFD9}.Debug|iPhone.Deploy.0 = Debug|Any CPU
		{74F059F1-C3F4-4359-B83A-D6DA5226AFD9}.Debug|iPhoneSimulator.ActiveCfg = Debug|Any CPU
		{74F059F1-C3F4-4359-B83A-D6DA5226AFD9}.Debug|iPhoneSimulator.Build.0 = Debug|Any CPU
		{74F059F1-C3F4-4359-B83A-D6DA5226AFD9}.Debug|iPhoneSimulator.Deploy.0 = Debug|Any CPU
		{74F059F1-C3F4-4359-B83A-D6DA5226AFD9}.Release|Any CPU.ActiveCfg = Release|Any CPU
		{74F059F1-C3F4-4359-B83A-D6DA5226AFD9}.Release|Any CPU.Build.0 = Release|Any CPU
		{74F059F1-C3F4-4359-B83A-D6DA5226AFD9}.Release|Any CPU.Deploy.0 = Release|Any CPU
		{74F059F1-C3F4-4359-B83A-D6DA5226AFD9}.Release|iPhone.ActiveCfg = Release|Any CPU
		{74F059F1-C3F4-4359-B83A-D6DA5226AFD9}.Release|iPhone.Build.0 = Release|Any CPU
		{74F059F1-C3F4-4359-B83A-D6DA5226AFD9}.Release|iPhone.Deploy.0 = Release|Any CPU
		{74F059F1-C3F4-4359-B83A-D6DA5226AFD9}.Release|iPhoneSimulator.ActiveCfg = Release|Any CPU
		{74F059F1-C3F4-4359-B83A-D6DA5226AFD9}.Release|iPhoneSimulator.Build.0 = Release|Any CPU
		{74F059F1-C3F4-4359-B83A-D6DA5226AFD9}.Release|iPhoneSimulator.Deploy.0 = Release|Any CPU
	EndGlobalSection
	GlobalSection(SolutionProperties) = preSolution
		HideSolutionNode = FALSE
	EndGlobalSection
	GlobalSection(ExtensibilityGlobals) = postSolution
		SolutionGuid = {617081A6-6D2E-4505-AA5D-2514ECE47C45}
	EndGlobalSection
EndGlobal
